// !$*UTF8*$!
{
	archiveVersion = 1;
	classes = {
	};
	objectVersion = 56;
	objects = {

/* Begin PBXBuildFile section */
		8682380C28F562BB00816886 /* AppDelegate.swift in Sources */ = {isa = PBXBuildFile; fileRef = 8682380B28F562BB00816886 /* AppDelegate.swift */; };
		8682380E28F562BB00816886 /* GameScene.sks in Resources */ = {isa = PBXBuildFile; fileRef = 8682380D28F562BB00816886 /* GameScene.sks */; };
		8682381028F562BB00816886 /* Actions.sks in Resources */ = {isa = PBXBuildFile; fileRef = 8682380F28F562BB00816886 /* Actions.sks */; };
		8682381228F562BB00816886 /* GameScene.swift in Sources */ = {isa = PBXBuildFile; fileRef = 8682381128F562BB00816886 /* GameScene.swift */; };
		8682381428F562BB00816886 /* GameViewController.swift in Sources */ = {isa = PBXBuildFile; fileRef = 8682381328F562BB00816886 /* GameViewController.swift */; };
		8682381728F562BB00816886 /* Main.storyboard in Resources */ = {isa = PBXBuildFile; fileRef = 8682381528F562BB00816886 /* Main.storyboard */; };
		8682381928F562BD00816886 /* Assets.xcassets in Resources */ = {isa = PBXBuildFile; fileRef = 8682381828F562BD00816886 /* Assets.xcassets */; };
		8682381C28F562BD00816886 /* LaunchScreen.storyboard in Resources */ = {isa = PBXBuildFile; fileRef = 8682381A28F562BD00816886 /* LaunchScreen.storyboard */; };
		8682382628F562BD00816886 /* BasitOyunTests.swift in Sources */ = {isa = PBXBuildFile; fileRef = 8682382528F562BD00816886 /* BasitOyunTests.swift */; };
		8682383028F562BD00816886 /* BasitOyunUITests.swift in Sources */ = {isa = PBXBuildFile; fileRef = 8682382F28F562BD00816886 /* BasitOyunUITests.swift */; };
		8682383228F562BD00816886 /* BasitOyunUITestsLaunchTests.swift in Sources */ = {isa = PBXBuildFile; fileRef = 8682383128F562BD00816886 /* BasitOyunUITestsLaunchTests.swift */; };
		8682383F28F5ADAC00816886 /* SonucViewController.swift in Sources */ = {isa = PBXBuildFile; fileRef = 8682383E28F5ADAC00816886 /* SonucViewController.swift */; };
/* End PBXBuildFile section */

/* Begin PBXContainerItemProxy section */
		8682382228F562BD00816886 /* PBXContainerItemProxy */ = {
			isa = PBXContainerItemProxy;
			containerPortal = 8682380028F562BB00816886 /* Project object */;
			proxyType = 1;
			remoteGlobalIDString = 8682380728F562BB00816886;
			remoteInfo = BasitOyun;
		};
		8682382C28F562BD00816886 /* PBXContainerItemProxy */ = {
			isa = PBXContainerItemProxy;
			containerPortal = 8682380028F562BB00816886 /* Project object */;
			proxyType = 1;
			remoteGlobalIDString = 8682380728F562BB00816886;
			remoteInfo = BasitOyun;
		};
/* End PBXContainerItemProxy section */

/* Begin PBXFileReference section */
		8682380828F562BB00816886 /* BasitOyun.app */ = {isa = PBXFileReference; explicitFileType = wrapper.application; includeInIndex = 0; path = BasitOyun.app; sourceTree = BUILT_PRODUCTS_DIR; };
		8682380B28F562BB00816886 /* AppDelegate.swift */ = {isa = PBXFileReference; lastKnownFileType = sourcecode.swift; path = AppDelegate.swift; sourceTree = "<group>"; };
		8682380D28F562BB00816886 /* GameScene.sks */ = {isa = PBXFileReference; lastKnownFileType = file.sks; path = GameScene.sks; sourceTree = "<group>"; };
		8682380F28F562BB00816886 /* Actions.sks */ = {isa = PBXFileReference; lastKnownFileType = file.sks; path = Actions.sks; sourceTree = "<group>"; };
		8682381128F562BB00816886 /* GameScene.swift */ = {isa = PBXFileReference; lastKnownFileType = sourcecode.swift; path = GameScene.swift; sourceTree = "<group>"; };
		8682381328F562BB00816886 /* GameViewController.swift */ = {isa = PBXFileReference; lastKnownFileType = sourcecode.swift; path = GameViewController.swift; sourceTree = "<group>"; };
		8682381628F562BB00816886 /* Base */ = {isa = PBXFileReference; lastKnownFileType = file.storyboard; name = Base; path = Base.lproj/Main.storyboard; sourceTree = "<group>"; };
		8682381828F562BD00816886 /* Assets.xcassets */ = {isa = PBXFileReference; lastKnownFileType = folder.assetcatalog; path = Assets.xcassets; sourceTree = "<group>"; };
		8682381B28F562BD00816886 /* Base */ = {isa = PBXFileReference; lastKnownFileType = file.storyboard; name = Base; path = Base.lproj/LaunchScreen.storyboard; sourceTree = "<group>"; };
		8682382128F562BD00816886 /* BasitOyunTests.xctest */ = {isa = PBXFileReference; explicitFileType = wrapper.cfbundle; includeInIndex = 0; path = BasitOyunTests.xctest; sourceTree = BUILT_PRODUCTS_DIR; };
		8682382528F562BD00816886 /* BasitOyunTests.swift */ = {isa = PBXFileReference; lastKnownFileType = sourcecode.swift; path = BasitOyunTests.swift; sourceTree = "<group>"; };
		8682382B28F562BD00816886 /* BasitOyunUITests.xctest */ = {isa = PBXFileReference; explicitFileType = wrapper.cfbundle; includeInIndex = 0; path = BasitOyunUITests.xctest; sourceTree = BUILT_PRODUCTS_DIR; };
		8682382F28F562BD00816886 /* BasitOyunUITests.swift */ = {isa = PBXFileReference; lastKnownFileType = sourcecode.swift; path = BasitOyunUITests.swift; sourceTree = "<group>"; };
		8682383128F562BD00816886 /* BasitOyunUITestsLaunchTests.swift */ = {isa = PBXFileReference; lastKnownFileType = sourcecode.swift; path = BasitOyunUITestsLaunchTests.swift; sourceTree = "<group>"; };
		8682383E28F5ADAC00816886 /* SonucViewController.swift */ = {isa = PBXFileReference; lastKnownFileType = sourcecode.swift; path = SonucViewController.swift; sourceTree = "<group>"; };
/* End PBXFileReference section */

/* Begin PBXFrameworksBuildPhase section */
		8682380528F562BB00816886 /* Frameworks */ = {
			isa = PBXFrameworksBuildPhase;
			buildActionMask = 2147483647;
			files = (
			);
			runOnlyForDeploymentPostprocessing = 0;
		};
		8682381E28F562BD00816886 /* Frameworks */ = {
			isa = PBXFrameworksBuildPhase;
			buildActionMask = 2147483647;
			files = (
			);
			runOnlyForDeploymentPostprocessing = 0;
		};
		8682382828F562BD00816886 /* Frameworks */ = {
			isa = PBXFrameworksBuildPhase;
			buildActionMask = 2147483647;
			files = (
			);
			runOnlyForDeploymentPostprocessing = 0;
		};
/* End PBXFrameworksBuildPhase section */

/* Begin PBXGroup section */
		868237FF28F562BB00816886 = {
			isa = PBXGroup;
			children = (
				8682380A28F562BB00816886 /* BasitOyun */,
				8682382428F562BD00816886 /* BasitOyunTests */,
				8682382E28F562BD00816886 /* BasitOyunUITests */,
				8682380928F562BB00816886 /* Products */,
			);
			sourceTree = "<group>";
		};
		8682380928F562BB00816886 /* Products */ = {
			isa = PBXGroup;
			children = (
				8682380828F562BB00816886 /* BasitOyun.app */,
				8682382128F562BD00816886 /* BasitOyunTests.xctest */,
				8682382B28F562BD00816886 /* BasitOyunUITests.xctest */,
			);
			name = Products;
			sourceTree = "<group>";
		};
		8682380A28F562BB00816886 /* BasitOyun */ = {
			isa = PBXGroup;
			children = (
				8682380B28F562BB00816886 /* AppDelegate.swift */,
				8682380D28F562BB00816886 /* GameScene.sks */,
				8682380F28F562BB00816886 /* Actions.sks */,
				8682381128F562BB00816886 /* GameScene.swift */,
				8682381328F562BB00816886 /* GameViewController.swift */,
				8682381528F562BB00816886 /* Main.storyboard */,
				8682381828F562BD00816886 /* Assets.xcassets */,
				8682381A28F562BD00816886 /* LaunchScreen.storyboard */,
				8682383E28F5ADAC00816886 /* SonucViewController.swift */,
			);
			path = BasitOyun;
			sourceTree = "<group>";
		};
		8682382428F562BD00816886 /* BasitOyunTests */ = {
			isa = PBXGroup;
			children = (
				8682382528F562BD00816886 /* BasitOyunTests.swift */,
			);
			path = BasitOyunTests;
			sourceTree = "<group>";
		};
		8682382E28F562BD00816886 /* BasitOyunUITests */ = {
			isa = PBXGroup;
			children = (
				8682382F28F562BD00816886 /* BasitOyunUITests.swift */,
				8682383128F562BD00816886 /* BasitOyunUITestsLaunchTests.swift */,
			);
			path = BasitOyunUITests;
			sourceTree = "<group>";
		};
/* End PBXGroup section */

/* Begin PBXNativeTarget section */
		8682380728F562BB00816886 /* BasitOyun */ = {
			isa = PBXNativeTarget;
			buildConfigurationList = 8682383528F562BD00816886 /* Build configuration list for PBXNativeTarget "BasitOyun" */;
			buildPhases = (
				8682380428F562BB00816886 /* Sources */,
				8682380528F562BB00816886 /* Frameworks */,
				8682380628F562BB00816886 /* Resources */,
			);
			buildRules = (
			);
			dependencies = (
			);
			name = BasitOyun;
			productName = BasitOyun;
			productReference = 8682380828F562BB00816886 /* BasitOyun.app */;
			productType = "com.apple.product-type.application";
		};
		8682382028F562BD00816886 /* BasitOyunTests */ = {
			isa = PBXNativeTarget;
			buildConfigurationList = 8682383828F562BD00816886 /* Build configuration list for PBXNativeTarget "BasitOyunTests" */;
			buildPhases = (
				8682381D28F562BD00816886 /* Sources */,
				8682381E28F562BD00816886 /* Frameworks */,
				8682381F28F562BD00816886 /* Resources */,
			);
			buildRules = (
			);
			dependencies = (
				8682382328F562BD00816886 /* PBXTargetDependency */,
			);
			name = BasitOyunTests;
			productName = BasitOyunTests;
			productReference = 8682382128F562BD00816886 /* BasitOyunTests.xctest */;
			productType = "com.apple.product-type.bundle.unit-test";
		};
		8682382A28F562BD00816886 /* BasitOyunUITests */ = {
			isa = PBXNativeTarget;
			buildConfigurationList = 8682383B28F562BD00816886 /* Build configuration list for PBXNativeTarget "BasitOyunUITests" */;
			buildPhases = (
				8682382728F562BD00816886 /* Sources */,
				8682382828F562BD00816886 /* Frameworks */,
				8682382928F562BD00816886 /* Resources */,
			);
			buildRules = (
			);
			dependencies = (
				8682382D28F562BD00816886 /* PBXTargetDependency */,
			);
			name = BasitOyunUITests;
			productName = BasitOyunUITests;
			productReference = 8682382B28F562BD00816886 /* BasitOyunUITests.xctest */;
			productType = "com.apple.product-type.bundle.ui-testing";
		};
/* End PBXNativeTarget section */

/* Begin PBXProject section */
		8682380028F562BB00816886 /* Project object */ = {
			isa = PBXProject;
			attributes = {
				BuildIndependentTargetsInParallel = 1;
				LastSwiftUpdateCheck = 1400;
				LastUpgradeCheck = 1400;
				TargetAttributes = {
					8682380728F562BB00816886 = {
						CreatedOnToolsVersion = 14.0.1;
					};
					8682382028F562BD00816886 = {
						CreatedOnToolsVersion = 14.0.1;
						TestTargetID = 8682380728F562BB00816886;
					};
					8682382A28F562BD00816886 = {
						CreatedOnToolsVersion = 14.0.1;
						TestTargetID = 8682380728F562BB00816886;
					};
				};
			};
			buildConfigurationList = 8682380328F562BB00816886 /* Build configuration list for PBXProject "BasitOyun" */;
			compatibilityVersion = "Xcode 14.0";
			developmentRegion = en;
			hasScannedForEncodings = 0;
			knownRegions = (
				en,
				Base,
			);
			mainGroup = 868237FF28F562BB00816886;
			productRefGroup = 8682380928F562BB00816886 /* Products */;
			projectDirPath = "";
			projectRoot = "";
			targets = (
				8682380728F562BB00816886 /* BasitOyun */,
				8682382028F562BD00816886 /* BasitOyunTests */,
				8682382A28F562BD00816886 /* BasitOyunUITests */,
			);
		};
/* End PBXProject section */

/* Begin PBXResourcesBuildPhase section */
		8682380628F562BB00816886 /* Resources */ = {
			isa = PBXResourcesBuildPhase;
			buildActionMask = 2147483647;
			files = (
				8682381728F562BB00816886 /* Main.storyboard in Resources */,
				8682380E28F562BB00816886 /* GameScene.sks in Resources */,
				8682381928F562BD00816886 /* Assets.xcassets in Resources */,
				8682381C28F562BD00816886 /* LaunchScreen.storyboard in Resources */,
				8682381028F562BB00816886 /* Actions.sks in Resources */,
			);
			runOnlyForDeploymentPostprocessing = 0;
		};
		8682381F28F562BD00816886 /* Resources */ = {
			isa = PBXResourcesBuildPhase;
			buildActionMask = 2147483647;
			files = (
			);
			runOnlyForDeploymentPostprocessing = 0;
		};
		8682382928F562BD00816886 /* Resources */ = {
			isa = PBXResourcesBuildPhase;
			buildActionMask = 2147483647;
			files = (
			);
			runOnlyForDeploymentPostprocessing = 0;
		};
/* End PBXResourcesBuildPhase section */

/* Begin PBXSourcesBuildPhase section */
		8682380428F562BB00816886 /* Sources */ = {
			isa = PBXSourcesBuildPhase;
			buildActionMask = 2147483647;
			files = (
				8682381228F562BB00816886 /* GameScene.swift in Sources */,
				8682381428F562BB00816886 /* GameViewController.swift in Sources */,
				8682380C28F562BB00816886 /* AppDelegate.swift in Sources */,
				8682383F28F5ADAC00816886 /* SonucViewController.swift in Sources */,
			);
			runOnlyForDeploymentPostprocessing = 0;
		};
		8682381D28F562BD00816886 /* Sources */ = {
			isa = PBXSourcesBuildPhase;
			buildActionMask = 2147483647;
			files = (
				8682382628F562BD00816886 /* BasitOyunTests.swift in Sources */,
			);
			runOnlyForDeploymentPostprocessing = 0;
		};
		8682382728F562BD00816886 /* Sources */ = {
			isa = PBXSourcesBuildPhase;
			buildActionMask = 2147483647;
			files = (
				8682383028F562BD00816886 /* BasitOyunUITests.swift in Sources */,
				8682383228F562BD00816886 /* BasitOyunUITestsLaunchTests.swift in Sources */,
			);
			runOnlyForDeploymentPostprocessing = 0;
		};
/* End PBXSourcesBuildPhase section */

/* Begin PBXTargetDependency section */
		8682382328F562BD00816886 /* PBXTargetDependency */ = {
			isa = PBXTargetDependency;
			target = 8682380728F562BB00816886 /* BasitOyun */;
			targetProxy = 8682382228F562BD00816886 /* PBXContainerItemProxy */;
		};
		8682382D28F562BD00816886 /* PBXTargetDependency */ = {
			isa = PBXTargetDependency;
			target = 8682380728F562BB00816886 /* BasitOyun */;
			targetProxy = 8682382C28F562BD00816886 /* PBXContainerItemProxy */;
		};
/* End PBXTargetDependency section */

/* Begin PBXVariantGroup section */
		8682381528F562BB00816886 /* Main.storyboard */ = {
			isa = PBXVariantGroup;
			children = (
				8682381628F562BB00816886 /* Base */,
			);
			name = Main.storyboard;
			sourceTree = "<group>";
		};
		8682381A28F562BD00816886 /* LaunchScreen.storyboard */ = {
			isa = PBXVariantGroup;
			children = (
				8682381B28F562BD00816886 /* Base */,
			);
			name = LaunchScreen.storyboard;
			sourceTree = "<group>";
		};
/* End PBXVariantGroup section */

/* Begin XCBuildConfiguration section */
		8682383328F562BD00816886 /* Debug */ = {
			isa = XCBuildConfiguration;
			buildSettings = {
				ALWAYS_SEARCH_USER_PATHS = NO;
				CLANG_ANALYZER_NONNULL = YES;
				CLANG_ANALYZER_NUMBER_OBJECT_CONVERSION = YES_AGGRESSIVE;
				CLANG_CXX_LANGUAGE_STANDARD = "gnu++20";
				CLANG_ENABLE_MODULES = YES;
				CLANG_ENABLE_OBJC_ARC = YES;
				CLANG_ENABLE_OBJC_WEAK = YES;
				CLANG_WARN_BLOCK_CAPTURE_AUTORELEASING = YES;
				CLANG_WARN_BOOL_CONVERSION = YES;
				CLANG_WARN_COMMA = YES;
				CLANG_WARN_CONSTANT_CONVERSION = YES;
				CLANG_WARN_DEPRECATED_OBJC_IMPLEMENTATIONS = YES;
				CLANG_WARN_DIRECT_OBJC_ISA_USAGE = YES_ERROR;
				CLANG_WARN_DOCUMENTATION_COMMENTS = YES;
				CLANG_WARN_EMPTY_BODY = YES;
				CLANG_WARN_ENUM_CONVERSION = YES;
				CLANG_WARN_INFINITE_RECURSION = YES;
				CLANG_WARN_INT_CONVERSION = YES;
				CLANG_WARN_NON_LITERAL_NULL_CONVERSION = YES;
				CLANG_WARN_OBJC_IMPLICIT_RETAIN_SELF = YES;
				CLANG_WARN_OBJC_LITERAL_CONVERSION = YES;
				CLANG_WARN_OBJC_ROOT_CLASS = YES_ERROR;
				CLANG_WARN_QUOTED_INCLUDE_IN_FRAMEWORK_HEADER = YES;
				CLANG_WARN_RANGE_LOOP_ANALYSIS = YES;
				CLANG_WARN_STRICT_PROTOTYPES = YES;
				CLANG_WARN_SUSPICIOUS_MOVE = YES;
				CLANG_WARN_UNGUARDED_AVAILABILITY = YES_AGGRESSIVE;
				CLANG_WARN_UNREACHABLE_CODE = YES;
				CLANG_WARN__DUPLICATE_METHOD_MATCH = YES;
				COPY_PHASE_STRIP = NO;
				DEBUG_INFORMATION_FORMAT = dwarf;
				ENABLE_STRICT_OBJC_MSGSEND = YES;
				ENABLE_TESTABILITY = YES;
				GCC_C_LANGUAGE_STANDARD = gnu11;
				GCC_DYNAMIC_NO_PIC = NO;
				GCC_NO_COMMON_BLOCKS = YES;
				GCC_OPTIMIZATION_LEVEL = 0;
				GCC_PREPROCESSOR_DEFINITIONS = (
					"DEBUG=1",
					"$(inherited)",
				);
				GCC_WARN_64_TO_32_BIT_CONVERSION = YES;
				GCC_WARN_ABOUT_RETURN_TYPE = YES_ERROR;
				GCC_WARN_UNDECLARED_SELECTOR = YES;
				GCC_WARN_UNINITIALIZED_AUTOS = YES_AGGRESSIVE;
				GCC_WARN_UNUSED_FUNCTION = YES;
				GCC_WARN_UNUSED_VARIABLE = YES;
				IPHONEOS_DEPLOYMENT_TARGET = 16.0;
				MTL_ENABLE_DEBUG_INFO = INCLUDE_SOURCE;
				MTL_FAST_MATH = YES;
				ONLY_ACTIVE_ARCH = YES;
				SDKROOT = iphoneos;
				SWIFT_ACTIVE_COMPILATION_CONDITIONS = DEBUG;
				SWIFT_OPTIMIZATION_LEVEL = "-Onone";
			};
			name = Debug;
		};
		8682383428F562BD00816886 /* Release */ = {
			isa = XCBuildConfiguration;
			buildSettings = {
				ALWAYS_SEARCH_USER_PATHS = NO;
				CLANG_ANALYZER_NONNULL = YES;
				CLANG_ANALYZER_NUMBER_OBJECT_CONVERSION = YES_AGGRESSIVE;
				CLANG_CXX_LANGUAGE_STANDARD = "gnu++20";
				CLANG_ENABLE_MODULES = YES;
				CLANG_ENABLE_OBJC_ARC = YES;
				CLANG_ENABLE_OBJC_WEAK = YES;
				CLANG_WARN_BLOCK_CAPTURE_AUTORELEASING = YES;
				CLANG_WARN_BOOL_CONVERSION = YES;
				CLANG_WARN_COMMA = YES;
				CLANG_WARN_CONSTANT_CONVERSION = YES;
				CLANG_WARN_DEPRECATED_OBJC_IMPLEMENTATIONS = YES;
				CLANG_WARN_DIRECT_OBJC_ISA_USAGE = YES_ERROR;
				CLANG_WARN_DOCUMENTATION_COMMENTS = YES;
				CLANG_WARN_EMPTY_BODY = YES;
				CLANG_WARN_ENUM_CONVERSION = YES;
				CLANG_WARN_INFINITE_RECURSION = YES;
				CLANG_WARN_INT_CONVERSION = YES;
				CLANG_WARN_NON_LITERAL_NULL_CONVERSION = YES;
				CLANG_WARN_OBJC_IMPLICIT_RETAIN_SELF = YES;
				CLANG_WARN_OBJC_LITERAL_CONVERSION = YES;
				CLANG_WARN_OBJC_ROOT_CLASS = YES_ERROR;
				CLANG_WARN_QUOTED_INCLUDE_IN_FRAMEWORK_HEADER = YES;
				CLANG_WARN_RANGE_LOOP_ANALYSIS = YES;
				CLANG_WARN_STRICT_PROTOTYPES = YES;
				CLANG_WARN_SUSPICIOUS_MOVE = YES;
				CLANG_WARN_UNGUARDED_AVAILABILITY = YES_AGGRESSIVE;
				CLANG_WARN_UNREACHABLE_CODE = YES;
				CLANG_WARN__DUPLICATE_METHOD_MATCH = YES;
				COPY_PHASE_STRIP = NO;
				DEBUG_INFORMATION_FORMAT = "dwarf-with-dsym";
				ENABLE_NS_ASSERTIONS = NO;
				ENABLE_STRICT_OBJC_MSGSEND = YES;
				GCC_C_LANGUAGE_STANDARD = gnu11;
				GCC_NO_COMMON_BLOCKS = YES;
				GCC_WARN_64_TO_32_BIT_CONVERSION = YES;
				GCC_WARN_ABOUT_RETURN_TYPE = YES_ERROR;
				GCC_WARN_UNDECLARED_SELECTOR = YES;
				GCC_WARN_UNINITIALIZED_AUTOS = YES_AGGRESSIVE;
				GCC_WARN_UNUSED_FUNCTION = YES;
				GCC_WARN_UNUSED_VARIABLE = YES;
				IPHONEOS_DEPLOYMENT_TARGET = 16.0;
				MTL_ENABLE_DEBUG_INFO = NO;
				MTL_FAST_MATH = YES;
				SDKROOT = iphoneos;
				SWIFT_COMPILATION_MODE = wholemodule;
				SWIFT_OPTIMIZATION_LEVEL = "-O";
				VALIDATE_PRODUCT = YES;
			};
			name = Release;
		};
		8682383628F562BD00816886 /* Debug */ = {
			isa = XCBuildConfiguration;
			buildSettings = {
				ASSETCATALOG_COMPILER_APPICON_NAME = AppIcon;
				ASSETCATALOG_COMPILER_GLOBAL_ACCENT_COLOR_NAME = AccentColor;
				CODE_SIGN_STYLE = Automatic;
				CURRENT_PROJECT_VERSION = 1;
				DEVELOPMENT_TEAM = R4DLJ4P88Z;
				GENERATE_INFOPLIST_FILE = YES;
				INFOPLIST_KEY_UIApplicationSupportsIndirectInputEvents = YES;
				INFOPLIST_KEY_UILaunchStoryboardName = LaunchScreen;
				INFOPLIST_KEY_UIMainStoryboardFile = Main;
				INFOPLIST_KEY_UIStatusBarHidden = YES;
				INFOPLIST_KEY_UISupportedInterfaceOrientations_iPad = "UIInterfaceOrientationPortrait UIInterfaceOrientationPortraitUpsideDown UIInterfaceOrientationLandscapeLeft UIInterfaceOrientationLandscapeRight";
				INFOPLIST_KEY_UISupportedInterfaceOrientations_iPhone = "UIInterfaceOrientationPortrait UIInterfaceOrientationLandscapeLeft UIInterfaceOrientationLandscapeRight";
				LD_RUNPATH_SEARCH_PATHS = (
					"$(inherited)",
					"@executable_path/Frameworks",
				);
				MARKETING_VERSION = 1.0;
				PRODUCT_BUNDLE_IDENTIFIER = info.BasitOyun;
				PRODUCT_NAME = "$(TARGET_NAME)";
				SWIFT_EMIT_LOC_STRINGS = YES;
				SWIFT_VERSION = 5.0;
				TARGETED_DEVICE_FAMILY = "1,2";
			};
			name = Debug;
		};
		8682383728F562BD00816886 /* Release */ = {
			isa = XCBuildConfiguration;
			buildSettings = {
				ASSETCATALOG_COMPILER_APPICON_NAME = AppIcon;
				ASSETCATALOG_COMPILER_GLOBAL_ACCENT_COLOR_NAME = AccentColor;
				CODE_SIGN_STYLE = Automatic;
				CURRENT_PROJECT_VERSION = 1;
				DEVELOPMENT_TEAM = R4DLJ4P88Z;
				GENERATE_INFOPLIST_FILE = YES;
				INFOPLIST_KEY_UIApplicationSupportsIndirectInputEvents = YES;
				INFOPLIST_KEY_UILaunchStoryboardName = LaunchScreen;
				INFOPLIST_KEY_UIMainStoryboardFile = Main;
				INFOPLIST_KEY_UIStatusBarHidden = YES;
				INFOPLIST_KEY_UISupportedInterfaceOrientations_iPad = "UIInterfaceOrientationPortrait UIInterfaceOrientationPortraitUpsideDown UIInterfaceOrientationLandscapeLeft UIInterfaceOrientationLandscapeRight";
				INFOPLIST_KEY_UISupportedInterfaceOrientations_iPhone = "UIInterfaceOrientationPortrait UIInterfaceOrientationLandscapeLeft UIInterfaceOrientationLandscapeRight";
				LD_RUNPATH_SEARCH_PATHS = (
					"$(inherited)",
					"@executable_path/Frameworks",
				);
				MARKETING_VERSION = 1.0;
				PRODUCT_BUNDLE_IDENTIFIER = info.BasitOyun;
				PRODUCT_NAME = "$(TARGET_NAME)";
				SWIFT_EMIT_LOC_STRINGS = YES;
				SWIFT_VERSION = 5.0;
				TARGETED_DEVICE_FAMILY = "1,2";
			};
			name = Release;
		};
		8682383928F562BD00816886 /* Debug */ = {
			isa = XCBuildConfiguration;
			buildSettings = {
				ALWAYS_EMBED_SWIFT_STANDARD_LIBRARIES = YES;
				BUNDLE_LOADER = "$(TEST_HOST)";
				CODE_SIGN_STYLE = Automatic;
				CURRENT_PROJECT_VERSION = 1;
				DEVELOPMENT_TEAM = TCM282M2P3;
				GENERATE_INFOPLIST_FILE = YES;
				IPHONEOS_DEPLOYMENT_TARGET = 16.0;
				MARKETING_VERSION = 1.0;
				PRODUCT_BUNDLE_IDENTIFIER = info.BasitOyunTests;
				PRODUCT_NAME = "$(TARGET_NAME)";
				SWIFT_EMIT_LOC_STRINGS = NO;
				SWIFT_VERSION = 5.0;
				TARGETED_DEVICE_FAMILY = "1,2";
				TEST_HOST = "$(BUILT_PRODUCTS_DIR)/BasitOyun.app/$(BUNDLE_EXECUTABLE_FOLDER_PATH)/BasitOyun";
			};
			name = Debug;
		};
		8682383A28F562BD00816886 /* Release */ = {
			isa = XCBuildConfiguration;
			buildSettings = {
				ALWAYS_EMBED_SWIFT_STANDARD_LIBRARIES = YES;
				BUNDLE_LOADER = "$(TEST_HOST)";
				CODE_SIGN_STYLE = Automatic;
				CURRENT_PROJECT_VERSION = 1;
				DEVELOPMENT_TEAM = TCM282M2P3;
				GENERATE_INFOPLIST_FILE = YES;
				IPHONEOS_DEPLOYMENT_TARGET = 16.0;
				MARKETING_VERSION = 1.0;
				PRODUCT_BUNDLE_IDENTIFIER = info.BasitOyunTests;
				PRODUCT_NAME = "$(TARGET_NAME)";
				SWIFT_EMIT_LOC_STRINGS = NO;
				SWIFT_VERSION = 5.0;
				TARGETED_DEVICE_FAMILY = "1,2";
				TEST_HOST = "$(BUILT_PRODUCTS_DIR)/BasitOyun.app/$(BUNDLE_EXECUTABLE_FOLDER_PATH)/BasitOyun";
			};
			name = Release;
		};
		8682383C28F562BD00816886 /* Debug */ = {
			isa = XCBuildConfiguration;
			buildSettings = {
				ALWAYS_EMBED_SWIFT_STANDARD_LIBRARIES = YES;
				CODE_SIGN_STYLE = Automatic;
				CURRENT_PROJECT_VERSION = 1;
				DEVELOPMENT_TEAM = TCM282M2P3;
				GENERATE_INFOPLIST_FILE = YES;
				MARKETING_VERSION = 1.0;
				PRODUCT_BUNDLE_IDENTIFIER = info.BasitOyunUITests;
				PRODUCT_NAME = "$(TARGET_NAME)";
				SWIFT_EMIT_LOC_STRINGS = NO;
				SWIFT_VERSION = 5.0;
				TARGETED_DEVICE_FAMILY = "1,2";
				TEST_TARGET_NAME = BasitOyun;
			};
			name = Debug;
		};
		8682383D28F562BD00816886 /* Release */ = {
			isa = XCBuildConfiguration;
			buildSettings = {
				ALWAYS_EMBED_SWIFT_STANDARD_LIBRARIES = YES;
				CODE_SIGN_STYLE = Automatic;
				CURRENT_PROJECT_VERSION = 1;
				DEVELOPMENT_TEAM = TCM282M2P3;
				GENERATE_INFOPLIST_FILE = YES;
				MARKETING_VERSION = 1.0;
				PRODUCT_BUNDLE_IDENTIFIER = info.BasitOyunUITests;
				PRODUCT_NAME = "$(TARGET_NAME)";
				SWIFT_EMIT_LOC_STRINGS = NO;
				SWIFT_VERSION = 5.0;
				TARGETED_DEVICE_FAMILY = "1,2";
				TEST_TARGET_NAME = BasitOyun;
			};
			name = Release;
		};
/* End XCBuildConfiguration section */

/* Begin XCConfigurationList section */
		8682380328F562BB00816886 /* Build configuration list for PBXProject "BasitOyun" */ = {
			isa = XCConfigurationList;
			buildConfigurations = (
				8682383328F562BD00816886 /* Debug */,
				8682383428F562BD00816886 /* Release */,
			);
			defaultConfigurationIsVisible = 0;
			defaultConfigurationName = Release;
		};
		8682383528F562BD00816886 /* Build configuration list for PBXNativeTarget "BasitOyun" */ = {
			isa = XCConfigurationList;
			buildConfigurations = (
				8682383628F562BD00816886 /* Debug */,
				8682383728F562BD00816886 /* Release */,
			);
			defaultConfigurationIsVisible = 0;
			defaultConfigurationName = Release;
		};
		8682383828F562BD00816886 /* Build configuration list for PBXNativeTarget "BasitOyunTests" */ = {
			isa = XCConfigurationList;
			buildConfigurations = (
				8682383928F562BD00816886 /* Debug */,
				8682383A28F562BD00816886 /* Release */,
			);
			defaultConfigurationIsVisible = 0;
			defaultConfigurationName = Release;
		};
		8682383B28F562BD00816886 /* Build configuration list for PBXNativeTarget "BasitOyunUITests" */ = {
			isa = XCConfigurationList;
			buildConfigurations = (
				8682383C28F562BD00816886 /* Debug */,
				8682383D28F562BD00816886 /* Release */,
			);
			defaultConfigurationIsVisible = 0;
			defaultConfigurationName = Release;
		};
/* End XCConfigurationList section */
	};
	rootObject = 8682380028F562BB00816886 /* Project object */;
}
